
Microsoft Visual Studio Solution File, Format Version 12.00
# Visual Studio Version 17
VisualStudioVersion = 17.0.32112.339
MinimumVisualStudioVersion = 10.0.40219.1
Project("{FAE04EC0-301F-11D3-BF4B-00C04F79EFBC}") = "WinFormsLabs", "WinFormsLabs.csproj", "{8DB7C258-FBFE-415D-A435-730A5B993E88}"
EndProject
Global
	GlobalSection(SolutionConfigurationPlatforms) = preSolution
		Debug|Any CPU = Debug|Any CPU
		Release|Any CPU = Release|Any CPU
	EndGlobalSection
	GlobalSection(ProjectConfigurationPlatforms) = postSolution
		{8DB7C258-FBFE-415D-A435-730A5B993E88}.Debug|Any CPU.ActiveCfg = Debug|Any CPU
		{8DB7C258-FBFE-415D-A435-730A5B993E88}.Debug|Any CPU.Build.0 = Debug|Any CPU
		{8DB7C258-FBFE-415D-A435-730A5B993E88}.Release|Any CPU.ActiveCfg = Release|Any CPU
		{8DB7C258-FBFE-415D-A435-730A5B993E88}.Release|Any CPU.Build.0 = Release|Any CPU
	EndGlobalSection
	GlobalSection(SolutionProperties) = preSolution
		HideSolutionNode = FALSE
	EndGlobalSection
	GlobalSection(ExtensibilityGlobals) = postSolution
		SolutionGuid = {77A3F30B-6BBB-4998-ADF2-C4737B6981B0}
	EndGlobalSection
EndGlobal
